{
  "name": "sb-website",
  "version": "1.0.0",
  "lockfileVersion": 3,
  "requires": true,
  "packages": {
    "": {
      "name": "sb-website",
      "version": "1.0.0",
      "license": "ISC",
      "dependencies": {
        "appwrite": "^17.0.1"
      }
    },
    "node_modules/appwrite": {
      "version": "17.0.1",
      "resolved": "https://registry.npmjs.org/appwrite/-/appwrite-17.0.1.tgz",
      "integrity": "sha512-bTLxle4wasY8uQewr/tdANC4AhQ/AkcaPfMd0L9N4tQecQwUVXow2EhlWh98jURBAMn6cyoN/G46G4w3sVkcOQ==",
      "license": "BSD-3-Clause"
    }
  }
}
